// !$*UTF8*$!
{
	archiveVersion = 1;
	classes = {
	};
	objectVersion = 55;
	objects = {

/* Begin PBXBuildFile section */
		FB1DCD38276D593C00B40636 /* SSHErrors.swift in Sources */ = {isa = PBXBuildFile; fileRef = FB1DCD37276D593C00B40636 /* SSHErrors.swift */; };
		FB1DCD39276D59CF00B40636 /* SSHErrors.swift in Sources */ = {isa = PBXBuildFile; fileRef = FB1DCD37276D593C00B40636 /* SSHErrors.swift */; };
		FB1DCD3B276D651F00B40636 /* SSHResult.swift in Sources */ = {isa = PBXBuildFile; fileRef = FB1DCD3A276D651F00B40636 /* SSHResult.swift */; };
		FB1DCD3C276D651F00B40636 /* SSHResult.swift in Sources */ = {isa = PBXBuildFile; fileRef = FB1DCD3A276D651F00B40636 /* SSHResult.swift */; };
		FB1DCD4C276D73DB00B40636 /* swifter-swift-ssh-macos-Bridging-Header.h in Headers */ = {isa = PBXBuildFile; fileRef = FB51F917276D3B9400D8C262 /* swifter-swift-ssh-macos-Bridging-Header.h */; };
		FB51F8E7276D12DD00D8C262 /* SSH.swift in Sources */ = {isa = PBXBuildFile; fileRef = FB51F8E6276D12DD00D8C262 /* SSH.swift */; };
		FB51F902276D34CE00D8C262 /* SSH.swift in Sources */ = {isa = PBXBuildFile; fileRef = FB51F8E6276D12DD00D8C262 /* SSH.swift */; };
		FB51F907276D352400D8C262 /* libcrypto.a in Frameworks */ = {isa = PBXBuildFile; fileRef = FB51F904276D352400D8C262 /* libcrypto.a */; };
		FB51F908276D352400D8C262 /* libssh.a in Frameworks */ = {isa = PBXBuildFile; fileRef = FB51F905276D352400D8C262 /* libssh.a */; };
		FB51F909276D352400D8C262 /* libssl.a in Frameworks */ = {isa = PBXBuildFile; fileRef = FB51F906276D352400D8C262 /* libssl.a */; };
		FB51F90D276D355D00D8C262 /* libssh.a in Frameworks */ = {isa = PBXBuildFile; fileRef = FB51F90A276D355D00D8C262 /* libssh.a */; };
		FB51F90E276D355D00D8C262 /* libssl.a in Frameworks */ = {isa = PBXBuildFile; fileRef = FB51F90B276D355D00D8C262 /* libssl.a */; };
		FB51F90F276D355D00D8C262 /* libcrypto.a in Frameworks */ = {isa = PBXBuildFile; fileRef = FB51F90C276D355D00D8C262 /* libcrypto.a */; };
		FB51F912276D35A600D8C262 /* include in Headers */ = {isa = PBXBuildFile; fileRef = FB51F8F3276D335400D8C262 /* include */; };
		FB51F919276D3B9400D8C262 /* bridge.m in Sources */ = {isa = PBXBuildFile; fileRef = FB51F918276D3B9400D8C262 /* bridge.m */; };
		FB51F91A276D3B9400D8C262 /* bridge.m in Sources */ = {isa = PBXBuildFile; fileRef = FB51F918276D3B9400D8C262 /* bridge.m */; };
		FB51F91C276D3F1900D8C262 /* SSHOptions.swift in Sources */ = {isa = PBXBuildFile; fileRef = FB51F91B276D3F1900D8C262 /* SSHOptions.swift */; };
		FB51F91D276D3F1900D8C262 /* SSHOptions.swift in Sources */ = {isa = PBXBuildFile; fileRef = FB51F91B276D3F1900D8C262 /* SSHOptions.swift */; };
/* End PBXBuildFile section */

/* Begin PBXCopyFilesBuildPhase section */
		FB51F8E1276D12DD00D8C262 /* CopyFiles */ = {
			isa = PBXCopyFilesBuildPhase;
			buildActionMask = 2147483647;
			dstPath = "include/$(PRODUCT_NAME)";
			dstSubfolderSpec = 16;
			files = (
			);
			runOnlyForDeploymentPostprocessing = 0;
		};
/* End PBXCopyFilesBuildPhase section */

/* Begin PBXFileReference section */
		FB1DCD37276D593C00B40636 /* SSHErrors.swift */ = {isa = PBXFileReference; lastKnownFileType = sourcecode.swift; path = SSHErrors.swift; sourceTree = "<group>"; };
		FB1DCD3A276D651F00B40636 /* SSHResult.swift */ = {isa = PBXFileReference; lastKnownFileType = sourcecode.swift; path = SSHResult.swift; sourceTree = "<group>"; };
		FB51F8E3276D12DD00D8C262 /* libSwifterSwiftSSH.a */ = {isa = PBXFileReference; explicitFileType = archive.ar; includeInIndex = 0; path = libSwifterSwiftSSH.a; sourceTree = BUILT_PRODUCTS_DIR; };
		FB51F8E6276D12DD00D8C262 /* SSH.swift */ = {isa = PBXFileReference; lastKnownFileType = sourcecode.swift; path = SSH.swift; sourceTree = "<group>"; };
		FB51F8ED276D134D00D8C262 /* SwifterSwiftSSH.podspec */ = {isa = PBXFileReference; explicitFileType = text.script.ruby; path = SwifterSwiftSSH.podspec; sourceTree = "<group>"; };
		FB51F8EF276D30D200D8C262 /* lib */ = {isa = PBXFileReference; lastKnownFileType = folder; path = lib; sourceTree = "<group>"; };
		FB51F8F0276D30D200D8C262 /* include */ = {isa = PBXFileReference; lastKnownFileType = folder; path = include; sourceTree = "<group>"; };
		FB51F8F3276D335400D8C262 /* include */ = {isa = PBXFileReference; lastKnownFileType = folder; path = include; sourceTree = "<group>"; };
		FB51F8F4276D335400D8C262 /* lib */ = {isa = PBXFileReference; lastKnownFileType = folder; path = lib; sourceTree = "<group>"; };
		FB51F8F9276D348700D8C262 /* libSwifterSwiftSSH-macos.a */ = {isa = PBXFileReference; explicitFileType = archive.ar; includeInIndex = 0; path = "libSwifterSwiftSSH-macos.a"; sourceTree = BUILT_PRODUCTS_DIR; };
		FB51F904276D352400D8C262 /* libcrypto.a */ = {isa = PBXFileReference; lastKnownFileType = archive.ar; name = libcrypto.a; path = Libraries/lib/libcrypto.a; sourceTree = "<group>"; };
		FB51F905276D352400D8C262 /* libssh.a */ = {isa = PBXFileReference; lastKnownFileType = archive.ar; name = libssh.a; path = Libraries/lib/libssh.a; sourceTree = "<group>"; };
		FB51F906276D352400D8C262 /* libssl.a */ = {isa = PBXFileReference; lastKnownFileType = archive.ar; name = libssl.a; path = Libraries/lib/libssl.a; sourceTree = "<group>"; };
		FB51F90A276D355D00D8C262 /* libssh.a */ = {isa = PBXFileReference; lastKnownFileType = archive.ar; name = libssh.a; path = "Libraries-iOS/lib/libssh.a"; sourceTree = "<group>"; };
		FB51F90B276D355D00D8C262 /* libssl.a */ = {isa = PBXFileReference; lastKnownFileType = archive.ar; name = libssl.a; path = "Libraries-iOS/lib/libssl.a"; sourceTree = "<group>"; };
		FB51F90C276D355D00D8C262 /* libcrypto.a */ = {isa = PBXFileReference; lastKnownFileType = archive.ar; name = libcrypto.a; path = "Libraries-iOS/lib/libcrypto.a"; sourceTree = "<group>"; };
		FB51F916276D3B9400D8C262 /* swifter-swift-ssh-Bridging-Header.h */ = {isa = PBXFileReference; lastKnownFileType = sourcecode.c.h; path = "swifter-swift-ssh-Bridging-Header.h"; sourceTree = "<group>"; };
		FB51F917276D3B9400D8C262 /* swifter-swift-ssh-macos-Bridging-Header.h */ = {isa = PBXFileReference; lastKnownFileType = sourcecode.c.h; path = "swifter-swift-ssh-macos-Bridging-Header.h"; sourceTree = "<group>"; };
		FB51F918276D3B9400D8C262 /* bridge.m */ = {isa = PBXFileReference; lastKnownFileType = sourcecode.c.objc; path = bridge.m; sourceTree = "<group>"; };
		FB51F91B276D3F1900D8C262 /* SSHOptions.swift */ = {isa = PBXFileReference; lastKnownFileType = sourcecode.swift; path = SSHOptions.swift; sourceTree = "<group>"; };
/* End PBXFileReference section */

/* Begin PBXFrameworksBuildPhase section */
		FB51F8E0276D12DD00D8C262 /* Frameworks */ = {
			isa = PBXFrameworksBuildPhase;
			buildActionMask = 2147483647;
			files = (
				FB51F90D276D355D00D8C262 /* libssh.a in Frameworks */,
				FB51F90E276D355D00D8C262 /* libssl.a in Frameworks */,
				FB51F90F276D355D00D8C262 /* libcrypto.a in Frameworks */,
			);
			runOnlyForDeploymentPostprocessing = 0;
		};
		FB51F8F7276D348700D8C262 /* Frameworks */ = {
			isa = PBXFrameworksBuildPhase;
			buildActionMask = 2147483647;
			files = (
				FB51F907276D352400D8C262 /* libcrypto.a in Frameworks */,
				FB51F908276D352400D8C262 /* libssh.a in Frameworks */,
				FB51F909276D352400D8C262 /* libssl.a in Frameworks */,
			);
			runOnlyForDeploymentPostprocessing = 0;
		};
/* End PBXFrameworksBuildPhase section */

/* Begin PBXGroup section */
		FB51F8DA276D12DD00D8C262 = {
			isa = PBXGroup;
			children = (
				FB51F8F2276D326100D8C262 /* Libraries */,
				FB51F8EE276D30A100D8C262 /* Libraries-iOS */,
				FB51F8ED276D134D00D8C262 /* SwifterSwiftSSH.podspec */,
				FB51F8E5276D12DD00D8C262 /* SwifterSwiftSSH */,
				FB51F8E4276D12DD00D8C262 /* Products */,
				FB51F903276D352400D8C262 /* Frameworks */,
			);
			sourceTree = "<group>";
		};
		FB51F8E4276D12DD00D8C262 /* Products */ = {
			isa = PBXGroup;
			children = (
				FB51F8E3276D12DD00D8C262 /* libSwifterSwiftSSH.a */,
				FB51F8F9276D348700D8C262 /* libSwifterSwiftSSH-macos.a */,
			);
			name = Products;
			sourceTree = "<group>";
		};
		FB51F8E5276D12DD00D8C262 /* SwifterSwiftSSH */ = {
			isa = PBXGroup;
			children = (
				FB51F8E6276D12DD00D8C262 /* SSH.swift */,
				FB51F91B276D3F1900D8C262 /* SSHOptions.swift */,
				FB1DCD37276D593C00B40636 /* SSHErrors.swift */,
				FB1DCD3A276D651F00B40636 /* SSHResult.swift */,
				FB51F918276D3B9400D8C262 /* bridge.m */,
				FB51F916276D3B9400D8C262 /* swifter-swift-ssh-Bridging-Header.h */,
				FB51F917276D3B9400D8C262 /* swifter-swift-ssh-macos-Bridging-Header.h */,
			);
			path = SwifterSwiftSSH;
			sourceTree = "<group>";
		};
		FB51F8EE276D30A100D8C262 /* Libraries-iOS */ = {
			isa = PBXGroup;
			children = (
				FB51F8F0276D30D200D8C262 /* include */,
				FB51F8EF276D30D200D8C262 /* lib */,
			);
			path = "Libraries-iOS";
			sourceTree = "<group>";
		};
		FB51F8F2276D326100D8C262 /* Libraries */ = {
			isa = PBXGroup;
			children = (
				FB51F8F3276D335400D8C262 /* include */,
				FB51F8F4276D335400D8C262 /* lib */,
			);
			path = Libraries;
			sourceTree = "<group>";
		};
		FB51F903276D352400D8C262 /* Frameworks */ = {
			isa = PBXGroup;
			children = (
				FB51F90C276D355D00D8C262 /* libcrypto.a */,
				FB51F90A276D355D00D8C262 /* libssh.a */,
				FB51F90B276D355D00D8C262 /* libssl.a */,
				FB51F904276D352400D8C262 /* libcrypto.a */,
				FB51F905276D352400D8C262 /* libssh.a */,
				FB51F906276D352400D8C262 /* libssl.a */,
			);
			name = Frameworks;
			sourceTree = "<group>";
		};
/* End PBXGroup section */

/* Begin PBXHeadersBuildPhase section */
		FB51F8F5276D348700D8C262 /* Headers */ = {
			isa = PBXHeadersBuildPhase;
			buildActionMask = 2147483647;
			files = (
				FB51F912276D35A600D8C262 /* include in Headers */,
				FB1DCD4C276D73DB00B40636 /* swifter-swift-ssh-macos-Bridging-Header.h in Headers */,
			);
			runOnlyForDeploymentPostprocessing = 0;
		};
/* End PBXHeadersBuildPhase section */

/* Begin PBXNativeTarget section */
		FB51F8E2276D12DD00D8C262 /* SwifterSwiftSSH */ = {
			isa = PBXNativeTarget;
			buildConfigurationList = FB51F8EA276D12DD00D8C262 /* Build configuration list for PBXNativeTarget "SwifterSwiftSSH" */;
			buildPhases = (
				FB51F8DF276D12DD00D8C262 /* Sources */,
				FB51F8E0276D12DD00D8C262 /* Frameworks */,
				FB51F8E1276D12DD00D8C262 /* CopyFiles */,
			);
			buildRules = (
			);
			dependencies = (
			);
			name = SwifterSwiftSSH;
			productName = "swifter-swift-ssh";
			productReference = FB51F8E3276D12DD00D8C262 /* libSwifterSwiftSSH.a */;
			productType = "com.apple.product-type.library.static";
		};
		FB51F8F8276D348700D8C262 /* SwifterSwiftSSH-macos */ = {
			isa = PBXNativeTarget;
			buildConfigurationList = FB51F8FF276D348700D8C262 /* Build configuration list for PBXNativeTarget "SwifterSwiftSSH-macos" */;
			buildPhases = (
				FB51F8F5276D348700D8C262 /* Headers */,
				FB51F8F6276D348700D8C262 /* Sources */,
				FB51F8F7276D348700D8C262 /* Frameworks */,
			);
			buildRules = (
			);
			dependencies = (
			);
			name = "SwifterSwiftSSH-macos";
			productName = "swifter-swift-ssh-macos";
			productReference = FB51F8F9276D348700D8C262 /* libSwifterSwiftSSH-macos.a */;
			productType = "com.apple.product-type.library.static";
		};
/* End PBXNativeTarget section */

/* Begin PBXProject section */
		FB51F8DB276D12DD00D8C262 /* Project object */ = {
			isa = PBXProject;
			attributes = {
				BuildIndependentTargetsInParallel = 1;
				LastSwiftUpdateCheck = 1320;
				LastUpgradeCheck = 1320;
				TargetAttributes = {
					FB51F8E2276D12DD00D8C262 = {
						CreatedOnToolsVersion = 13.2;
						LastSwiftMigration = 1320;
					};
					FB51F8F8276D348700D8C262 = {
						CreatedOnToolsVersion = 13.2;
						LastSwiftMigration = 1320;
					};
				};
			};
			buildConfigurationList = FB51F8DE276D12DD00D8C262 /* Build configuration list for PBXProject "SwifterSwiftSSH" */;
			compatibilityVersion = "Xcode 13.0";
			developmentRegion = en;
			hasScannedForEncodings = 0;
			knownRegions = (
				en,
				Base,
			);
			mainGroup = FB51F8DA276D12DD00D8C262;
			productRefGroup = FB51F8E4276D12DD00D8C262 /* Products */;
			projectDirPath = "";
			projectRoot = "";
			targets = (
				FB51F8E2276D12DD00D8C262 /* SwifterSwiftSSH */,
				FB51F8F8276D348700D8C262 /* SwifterSwiftSSH-macos */,
			);
		};
/* End PBXProject section */

/* Begin PBXSourcesBuildPhase section */
		FB51F8DF276D12DD00D8C262 /* Sources */ = {
			isa = PBXSourcesBuildPhase;
			buildActionMask = 2147483647;
			files = (
				FB51F919276D3B9400D8C262 /* bridge.m in Sources */,
				FB1DCD38276D593C00B40636 /* SSHErrors.swift in Sources */,
				FB1DCD3B276D651F00B40636 /* SSHResult.swift in Sources */,
				FB51F91C276D3F1900D8C262 /* SSHOptions.swift in Sources */,
				FB51F8E7276D12DD00D8C262 /* SSH.swift in Sources */,
			);
			runOnlyForDeploymentPostprocessing = 0;
		};
		FB51F8F6276D348700D8C262 /* Sources */ = {
			isa = PBXSourcesBuildPhase;
			buildActionMask = 2147483647;
			files = (
				FB51F91A276D3B9400D8C262 /* bridge.m in Sources */,
				FB1DCD39276D59CF00B40636 /* SSHErrors.swift in Sources */,
				FB1DCD3C276D651F00B40636 /* SSHResult.swift in Sources */,
				FB51F91D276D3F1900D8C262 /* SSHOptions.swift in Sources */,
				FB51F902276D34CE00D8C262 /* SSH.swift in Sources */,
			);
			runOnlyForDeploymentPostprocessing = 0;
		};
/* End PBXSourcesBuildPhase section */

/* Begin XCBuildConfiguration section */
		FB51F8E8276D12DD00D8C262 /* Debug */ = {
			isa = XCBuildConfiguration;
			buildSettings = {
				ALWAYS_SEARCH_USER_PATHS = NO;
				CLANG_ANALYZER_NONNULL = YES;
				CLANG_ANALYZER_NUMBER_OBJECT_CONVERSION = YES_AGGRESSIVE;
				CLANG_CXX_LANGUAGE_STANDARD = "gnu++17";
				CLANG_CXX_LIBRARY = "libc++";
				CLANG_ENABLE_MODULES = YES;
				CLANG_ENABLE_OBJC_ARC = YES;
				CLANG_ENABLE_OBJC_WEAK = YES;
				CLANG_WARN_BLOCK_CAPTURE_AUTORELEASING = YES;
				CLANG_WARN_BOOL_CONVERSION = YES;
				CLANG_WARN_COMMA = YES;
				CLANG_WARN_CONSTANT_CONVERSION = YES;
				CLANG_WARN_DEPRECATED_OBJC_IMPLEMENTATIONS = YES;
				CLANG_WARN_DIRECT_OBJC_ISA_USAGE = YES_ERROR;
				CLANG_WARN_DOCUMENTATION_COMMENTS = YES;
				CLANG_WARN_EMPTY_BODY = YES;
				CLANG_WARN_ENUM_CONVERSION = YES;
				CLANG_WARN_INFINITE_RECURSION = YES;
				CLANG_WARN_INT_CONVERSION = YES;
				CLANG_WARN_NON_LITERAL_NULL_CONVERSION = YES;
				CLANG_WARN_OBJC_IMPLICIT_RETAIN_SELF = YES;
				CLANG_WARN_OBJC_LITERAL_CONVERSION = YES;
				CLANG_WARN_OBJC_ROOT_CLASS = YES_ERROR;
				CLANG_WARN_QUOTED_INCLUDE_IN_FRAMEWORK_HEADER = YES;
				CLANG_WARN_RANGE_LOOP_ANALYSIS = YES;
				CLANG_WARN_STRICT_PROTOTYPES = YES;
				CLANG_WARN_SUSPICIOUS_MOVE = YES;
				CLANG_WARN_UNGUARDED_AVAILABILITY = YES_AGGRESSIVE;
				CLANG_WARN_UNREACHABLE_CODE = YES;
				CLANG_WARN__DUPLICATE_METHOD_MATCH = YES;
				COPY_PHASE_STRIP = NO;
				DEBUG_INFORMATION_FORMAT = dwarf;
				ENABLE_STRICT_OBJC_MSGSEND = YES;
				ENABLE_TESTABILITY = YES;
				GCC_C_LANGUAGE_STANDARD = gnu11;
				GCC_DYNAMIC_NO_PIC = NO;
				GCC_NO_COMMON_BLOCKS = YES;
				GCC_OPTIMIZATION_LEVEL = 0;
				GCC_PREPROCESSOR_DEFINITIONS = (
					"DEBUG=1",
					"$(inherited)",
				);
				GCC_WARN_64_TO_32_BIT_CONVERSION = YES;
				GCC_WARN_ABOUT_RETURN_TYPE = YES_ERROR;
				GCC_WARN_UNDECLARED_SELECTOR = YES;
				GCC_WARN_UNINITIALIZED_AUTOS = YES_AGGRESSIVE;
				GCC_WARN_UNUSED_FUNCTION = YES;
				GCC_WARN_UNUSED_VARIABLE = YES;
				IPHONEOS_DEPLOYMENT_TARGET = 15.2;
				MTL_ENABLE_DEBUG_INFO = INCLUDE_SOURCE;
				MTL_FAST_MATH = YES;
				ONLY_ACTIVE_ARCH = YES;
				SDKROOT = iphoneos;
				SWIFT_ACTIVE_COMPILATION_CONDITIONS = DEBUG;
				SWIFT_OPTIMIZATION_LEVEL = "-Onone";
			};
			name = Debug;
		};
		FB51F8E9276D12DD00D8C262 /* Release */ = {
			isa = XCBuildConfiguration;
			buildSettings = {
				ALWAYS_SEARCH_USER_PATHS = NO;
				CLANG_ANALYZER_NONNULL = YES;
				CLANG_ANALYZER_NUMBER_OBJECT_CONVERSION = YES_AGGRESSIVE;
				CLANG_CXX_LANGUAGE_STANDARD = "gnu++17";
				CLANG_CXX_LIBRARY = "libc++";
				CLANG_ENABLE_MODULES = YES;
				CLANG_ENABLE_OBJC_ARC = YES;
				CLANG_ENABLE_OBJC_WEAK = YES;
				CLANG_WARN_BLOCK_CAPTURE_AUTORELEASING = YES;
				CLANG_WARN_BOOL_CONVERSION = YES;
				CLANG_WARN_COMMA = YES;
				CLANG_WARN_CONSTANT_CONVERSION = YES;
				CLANG_WARN_DEPRECATED_OBJC_IMPLEMENTATIONS = YES;
				CLANG_WARN_DIRECT_OBJC_ISA_USAGE = YES_ERROR;
				CLANG_WARN_DOCUMENTATION_COMMENTS = YES;
				CLANG_WARN_EMPTY_BODY = YES;
				CLANG_WARN_ENUM_CONVERSION = YES;
				CLANG_WARN_INFINITE_RECURSION = YES;
				CLANG_WARN_INT_CONVERSION = YES;
				CLANG_WARN_NON_LITERAL_NULL_CONVERSION = YES;
				CLANG_WARN_OBJC_IMPLICIT_RETAIN_SELF = YES;
				CLANG_WARN_OBJC_LITERAL_CONVERSION = YES;
				CLANG_WARN_OBJC_ROOT_CLASS = YES_ERROR;
				CLANG_WARN_QUOTED_INCLUDE_IN_FRAMEWORK_HEADER = YES;
				CLANG_WARN_RANGE_LOOP_ANALYSIS = YES;
				CLANG_WARN_STRICT_PROTOTYPES = YES;
				CLANG_WARN_SUSPICIOUS_MOVE = YES;
				CLANG_WARN_UNGUARDED_AVAILABILITY = YES_AGGRESSIVE;
				CLANG_WARN_UNREACHABLE_CODE = YES;
				CLANG_WARN__DUPLICATE_METHOD_MATCH = YES;
				COPY_PHASE_STRIP = NO;
				DEBUG_INFORMATION_FORMAT = "dwarf-with-dsym";
				ENABLE_NS_ASSERTIONS = NO;
				ENABLE_STRICT_OBJC_MSGSEND = YES;
				GCC_C_LANGUAGE_STANDARD = gnu11;
				GCC_NO_COMMON_BLOCKS = YES;
				GCC_WARN_64_TO_32_BIT_CONVERSION = YES;
				GCC_WARN_ABOUT_RETURN_TYPE = YES_ERROR;
				GCC_WARN_UNDECLARED_SELECTOR = YES;
				GCC_WARN_UNINITIALIZED_AUTOS = YES_AGGRESSIVE;
				GCC_WARN_UNUSED_FUNCTION = YES;
				GCC_WARN_UNUSED_VARIABLE = YES;
				IPHONEOS_DEPLOYMENT_TARGET = 15.2;
				MTL_ENABLE_DEBUG_INFO = NO;
				MTL_FAST_MATH = YES;
				SDKROOT = iphoneos;
				SWIFT_COMPILATION_MODE = wholemodule;
				SWIFT_OPTIMIZATION_LEVEL = "-O";
				VALIDATE_PRODUCT = YES;
			};
			name = Release;
		};
		FB51F8EB276D12DD00D8C262 /* Debug */ = {
			isa = XCBuildConfiguration;
			buildSettings = {
				CLANG_ENABLE_MODULES = YES;
				CODE_SIGN_STYLE = Automatic;
				DEVELOPMENT_TEAM = P88CDRP8CR;
				HEADER_SEARCH_PATHS = "$(PROJECT_DIR)/Libraries-iOS/include/**";
				LD_RUNPATH_SEARCH_PATHS = (
					"$(inherited)",
					"@executable_path/Frameworks",
					"@loader_path/Frameworks",
				);
				LIBRARY_SEARCH_PATHS = (
					"$(inherited)",
					"$(PROJECT_DIR)/Libraries-iOS/lib",
				);
				OTHER_LDFLAGS = "-ObjC";
				PRODUCT_NAME = "$(TARGET_NAME)";
				SKIP_INSTALL = YES;
				SWIFT_OBJC_BRIDGING_HEADER = "SwifterSwiftSSH/swifter-swift-ssh-Bridging-Header.h";
				SWIFT_OPTIMIZATION_LEVEL = "-Onone";
				SWIFT_VERSION = 5.0;
				TARGETED_DEVICE_FAMILY = "1,2";
			};
			name = Debug;
		};
		FB51F8EC276D12DD00D8C262 /* Release */ = {
			isa = XCBuildConfiguration;
			buildSettings = {
				CLANG_ENABLE_MODULES = YES;
				CODE_SIGN_STYLE = Automatic;
				DEVELOPMENT_TEAM = P88CDRP8CR;
				HEADER_SEARCH_PATHS = "$(PROJECT_DIR)/Libraries-iOS/include/**";
				LD_RUNPATH_SEARCH_PATHS = (
					"$(inherited)",
					"@executable_path/Frameworks",
					"@loader_path/Frameworks",
				);
				LIBRARY_SEARCH_PATHS = (
					"$(inherited)",
					"$(PROJECT_DIR)/Libraries-iOS/lib",
				);
				OTHER_LDFLAGS = "-ObjC";
				PRODUCT_NAME = "$(TARGET_NAME)";
				SKIP_INSTALL = YES;
				SWIFT_OBJC_BRIDGING_HEADER = "SwifterSwiftSSH/swifter-swift-ssh-Bridging-Header.h";
				SWIFT_VERSION = 5.0;
				TARGETED_DEVICE_FAMILY = "1,2";
			};
			name = Release;
		};
		FB51F900276D348700D8C262 /* Debug */ = {
			isa = XCBuildConfiguration;
			buildSettings = {
				CLANG_ENABLE_MODULES = YES;
				CODE_SIGN_STYLE = Automatic;
				DEVELOPMENT_TEAM = P88CDRP8CR;
				EXECUTABLE_PREFIX = lib;
				HEADER_SEARCH_PATHS = (
					"$(PROJECT_DIR)/Libraries/include/**",
					"$(inherited)",
				);
				LD_RUNPATH_SEARCH_PATHS = (
					"$(inherited)",
					"@executable_path/../Frameworks",
					"@loader_path/../Frameworks",
				);
				LIBRARY_SEARCH_PATHS = (
					"$(inherited)",
					"$(PROJECT_DIR)/Libraries/lib",
				);
				MACOSX_DEPLOYMENT_TARGET = 11.6;
				MODULEMAP_FILE = $SRCROOT/Libraries/libssh.modulemap;
				PRODUCT_NAME = "$(TARGET_NAME)";
				SDKROOT = macosx;
				SKIP_INSTALL = YES;
				SWIFT_INCLUDE_PATHS = "";
				SWIFT_OBJC_BRIDGING_HEADER = "SwifterSwiftSSH/swifter-swift-ssh-macos-Bridging-Header.h";
				SWIFT_OPTIMIZATION_LEVEL = "-Onone";
				SWIFT_VERSION = 5.0;
			};
			name = Debug;
		};
		FB51F901276D348700D8C262 /* Release */ = {
			isa = XCBuildConfiguration;
			buildSettings = {
				CLANG_ENABLE_MODULES = YES;
				CODE_SIGN_STYLE = Automatic;
				DEVELOPMENT_TEAM = P88CDRP8CR;
				EXECUTABLE_PREFIX = lib;
				HEADER_SEARCH_PATHS = (
					"$(PROJECT_DIR)/Libraries/include/**",
					"$(inherited)",
				);
				LD_RUNPATH_SEARCH_PATHS = (
					"$(inherited)",
					"@executable_path/../Frameworks",
					"@loader_path/../Frameworks",
				);
				LIBRARY_SEARCH_PATHS = (
					"$(inherited)",
					"$(PROJECT_DIR)/Libraries/lib",
				);
				MACOSX_DEPLOYMENT_TARGET = 11.6;
				MODULEMAP_FILE = $SRCROOT/Libraries/libssh.modulemap;
				PRODUCT_NAME = "$(TARGET_NAME)";
				SDKROOT = macosx;
				SKIP_INSTALL = YES;
				SWIFT_INCLUDE_PATHS = "";
				SWIFT_OBJC_BRIDGING_HEADER = "SwifterSwiftSSH/swifter-swift-ssh-macos-Bridging-Header.h";
				SWIFT_VERSION = 5.0;
			};
			name = Release;
		};
/* End XCBuildConfiguration section */

/* Begin XCConfigurationList section */
		FB51F8DE276D12DD00D8C262 /* Build configuration list for PBXProject "SwifterSwiftSSH" */ = {
			isa = XCConfigurationList;
			buildConfigurations = (
				FB51F8E8276D12DD00D8C262 /* Debug */,
				FB51F8E9276D12DD00D8C262 /* Release */,
			);
			defaultConfigurationIsVisible = 0;
			defaultConfigurationName = Release;
		};
		FB51F8EA276D12DD00D8C262 /* Build configuration list for PBXNativeTarget "SwifterSwiftSSH" */ = {
			isa = XCConfigurationList;
			buildConfigurations = (
				FB51F8EB276D12DD00D8C262 /* Debug */,
				FB51F8EC276D12DD00D8C262 /* Release */,
			);
			defaultConfigurationIsVisible = 0;
			defaultConfigurationName = Release;
		};
		FB51F8FF276D348700D8C262 /* Build configuration list for PBXNativeTarget "SwifterSwiftSSH-macos" */ = {
			isa = XCConfigurationList;
			buildConfigurations = (
				FB51F900276D348700D8C262 /* Debug */,
				FB51F901276D348700D8C262 /* Release */,
			);
			defaultConfigurationIsVisible = 0;
			defaultConfigurationName = Release;
		};
/* End XCConfigurationList section */
	};
	rootObject = FB51F8DB276D12DD00D8C262 /* Project object */;
}
